{
    "_readme": [
        "This file locks the dependencies of your project to a known state",
        "Read more about it at https://getcomposer.org/doc/01-basic-usage.md#composer-lock-the-lock-file",
        "This file is @generated automatically"
    ],
    "hash": "94faa61a12e9adf70675774a961d2d0a",
    "content-hash": "4532ede2268e7768cb1222556b59067c",
    "packages": [
        {
            "name": "coolsms/php-sdk",
            "version": "v2.0",
            "source": {
                "type": "git",
                "url": "https://github.com/coolsms/php-sdk.git",
                "reference": "d4ce6c4dc04ed17ddf2bfb9a018eb880f260da7c"
            },
            "dist": {
                "type": "zip",
                "url": "https://api.github.com/repos/coolsms/php-sdk/zipball/d4ce6c4dc04ed17ddf2bfb9a018eb880f260da7c",
                "reference": "d4ce6c4dc04ed17ddf2bfb9a018eb880f260da7c",
                "shasum": ""
            },
            "require": {
                "php": ">=5.5.0"
            },
            "type": "library",
            "autoload": {
                "psr-4": {
                    "Nurigo\\": "app/Nurigo"
                }
            },
            "notification-url": "https://packagist.org/downloads/",
            "license": [
                "MIT"
            ],
            "authors": [
                {
                    "name": "nurigo",
                    "email": "contact@nurigo.net",
                    "homepage": "http://coolsms.co.kr",
                    "role": "Developer"
                }
            ],
            "description": "Send message using PHP and RestAPI[TEST]",
            "homepage": "http://coolsms.co.kr",
            "keywords": [
                "TextMessage",
                "cellphone",
                "cool",
                "coolsms",
                "global",
                "lms",
                "message",
                "messages",
                "mms",
                "mobile",
                "nurigo",
                "phone",
                "sms"
            ],
            "time": "2016-07-13 01:48:06"
        }
    ],
    "packages-dev": [],
    "aliases": [],
    "minimum-stability": "stable",
    "stability-flags": [],
    "prefer-stable": false,
    "prefer-lowest": false,
    "platform": [],
    "platform-dev": []
}
